{
  "name": "js-data-memory",
  "version": "0.0.1",
  "lockfileVersion": 1,
  "requires": true,
  "dependencies": {
    "js-data": {
      "version": "3.0.1",
      "resolved": "https://registry.npmjs.org/js-data/-/js-data-3.0.1.tgz",
      "integrity": "sha512-DUIA9NSvyF2vtm8Vit0uMtn2asM+6Zln1EkvQGT+k3qzH2aZtEuI3Mb2AjWQpb9f7TWtaT9WkY0Lp6vf5ogaGQ=="
    },
    "native-or-bluebird": {
      "version": "1.2.0",
      "resolved": "https://registry.npmjs.org/native-or-bluebird/-/native-or-bluebird-1.2.0.tgz",
      "integrity": "sha1-OcR7/Xgl0fuf+tMiEK4l2q3xAck="
    }
  }
}
